{
  "pins" : [
    {
      "identity" : "fluentui-apple",
      "kind" : "remoteSourceControl",
      "location" : "https://github.com/microsoft/fluentui-apple.git",
      "state" : {
        "revision" : "c849c7c1833b377c7fff16f014d08a1e745bfbb0",
        "version" : "0.34.2"
      }
    },
    {
      "identity" : "lexical-ios",
      "kind" : "remoteSourceControl",
      "location" : "https://github.com/jcfontecha/lexical-ios.git",
      "state" : {
        "branch" : "main",
        "revision" : "99eabe7f0301a4d10d6baaceb3c7bb8cd9d055e4"
      }
    },
    {
      "identity" : "swift-cmark",
      "kind" : "remoteSourceControl",
      "location" : "https://github.com/swiftlang/swift-cmark.git",
      "state" : {
        "branch" : "gfm",
        "revision" : "b97d09472e847a416629f026eceae0e2afcfad65"
      }
    },
    {
      "identity" : "swift-markdown",
      "kind" : "remoteSourceControl",
      "location" : "https://github.com/apple/swift-markdown.git",
      "state" : {
        "branch" : "main",
        "revision" : "c281baa59e2b0d3ddc72848741217af811f66d39"
      }
    },
    {
      "identity" : "swiftsoup",
      "kind" : "remoteSourceControl",
      "location" : "https://github.com/scinfu/SwiftSoup.git",
      "state" : {
        "revision" : "04a5da442816f764b2a8513c38420b4e6605145b",
        "version" : "2.10.1"
      }
    }
  ],
  "version" : 2
}
